
Microsoft Visual Studio Solution File, Format Version 12.00
# Visual Studio Version 17
VisualStudioVersion = 17.8.34525.116
MinimumVisualStudioVersion = 10.0.40219.1
Project("{9A19103F-16F7-4668-BE54-9A1E7A4F7556}") = "Dispctrl", "Dispctrl\Dispctrl.csproj", "{79FCF51B-9D11-4BE7-8F0E-1141A3159904}"
EndProject
Project("{9A19103F-16F7-4668-BE54-9A1E7A4F7556}") = "DispCtrl.Protocols.SdapSdcp", "DispCtrl.Protocols.SdapSdcp\DispCtrl.Protocols.SdapSdcp.csproj", "{F9A218EA-8677-4973-9102-F5D37846168B}"
EndProject
Project("{FAE04EC0-301F-11D3-BF4B-00C04F79EFBC}") = "DispCtrl.Protocols.SdapSdcp.Tests", "DispCtrl.Protocols.SdapSdcp.Tests\DispCtrl.Protocols.SdapSdcp.Tests.csproj", "{53508C86-6B44-45E8-86D2-0E0BFBC294C5}"
EndProject
Global
	GlobalSection(SolutionConfigurationPlatforms) = preSolution
		Debug|Any CPU = Debug|Any CPU
		Release|Any CPU = Release|Any CPU
	EndGlobalSection
	GlobalSection(ProjectConfigurationPlatforms) = postSolution
		{79FCF51B-9D11-4BE7-8F0E-1141A3159904}.Debug|Any CPU.ActiveCfg = Debug|Any CPU
		{79FCF51B-9D11-4BE7-8F0E-1141A3159904}.Debug|Any CPU.Build.0 = Debug|Any CPU
		{79FCF51B-9D11-4BE7-8F0E-1141A3159904}.Release|Any CPU.ActiveCfg = Release|Any CPU
		{79FCF51B-9D11-4BE7-8F0E-1141A3159904}.Release|Any CPU.Build.0 = Release|Any CPU
		{F9A218EA-8677-4973-9102-F5D37846168B}.Debug|Any CPU.ActiveCfg = Debug|Any CPU
		{F9A218EA-8677-4973-9102-F5D37846168B}.Debug|Any CPU.Build.0 = Debug|Any CPU
		{F9A218EA-8677-4973-9102-F5D37846168B}.Release|Any CPU.ActiveCfg = Release|Any CPU
		{F9A218EA-8677-4973-9102-F5D37846168B}.Release|Any CPU.Build.0 = Release|Any CPU
		{53508C86-6B44-45E8-86D2-0E0BFBC294C5}.Debug|Any CPU.ActiveCfg = Debug|Any CPU
		{53508C86-6B44-45E8-86D2-0E0BFBC294C5}.Debug|Any CPU.Build.0 = Debug|Any CPU
		{53508C86-6B44-45E8-86D2-0E0BFBC294C5}.Release|Any CPU.ActiveCfg = Release|Any CPU
		{53508C86-6B44-45E8-86D2-0E0BFBC294C5}.Release|Any CPU.Build.0 = Release|Any CPU
	EndGlobalSection
	GlobalSection(SolutionProperties) = preSolution
		HideSolutionNode = FALSE
	EndGlobalSection
	GlobalSection(ExtensibilityGlobals) = postSolution
		SolutionGuid = {E4BD87F0-8B7E-4707-B925-90D913A76F03}
	EndGlobalSection
EndGlobal
